// !$*UTF8*$!
{
	archiveVersion = 1;
	classes = {
	};
	objectVersion = 55;
	objects = {

/* Begin PBXBuildFile section */
		1D9BFCEB291CDB0D0023F22D /* AppDelegate.swift in Sources */ = {isa = PBXBuildFile; fileRef = 1D9BFCEA291CDB0D0023F22D /* AppDelegate.swift */; };
		1D9BFCED291CDB0D0023F22D /* SceneDelegate.swift in Sources */ = {isa = PBXBuildFile; fileRef = 1D9BFCEC291CDB0D0023F22D /* SceneDelegate.swift */; };
		1D9BFCEF291CDB0D0023F22D /* NewsListViewController.swift in Sources */ = {isa = PBXBuildFile; fileRef = 1D9BFCEE291CDB0D0023F22D /* NewsListViewController.swift */; };
		1D9BFCF4291CDB0F0023F22D /* Assets.xcassets in Resources */ = {isa = PBXBuildFile; fileRef = 1D9BFCF3291CDB0F0023F22D /* Assets.xcassets */; };
		1D9BFCF7291CDB0F0023F22D /* LaunchScreen.storyboard in Resources */ = {isa = PBXBuildFile; fileRef = 1D9BFCF5291CDB0F0023F22D /* LaunchScreen.storyboard */; };
		1D9BFD02291CDB0F0023F22D /* KeywordNewsTests.swift in Sources */ = {isa = PBXBuildFile; fileRef = 1D9BFD01291CDB0F0023F22D /* KeywordNewsTests.swift */; };
		1D9BFD0C291CDB0F0023F22D /* KeywordNewsUITests.swift in Sources */ = {isa = PBXBuildFile; fileRef = 1D9BFD0B291CDB0F0023F22D /* KeywordNewsUITests.swift */; };
		1D9BFD0E291CDB0F0023F22D /* KeywordNewsUITestsLaunchTests.swift in Sources */ = {isa = PBXBuildFile; fileRef = 1D9BFD0D291CDB0F0023F22D /* KeywordNewsUITestsLaunchTests.swift */; };
		1D9BFD1C291CDB580023F22D /* SnapKit in Frameworks */ = {isa = PBXBuildFile; productRef = 1D9BFD1B291CDB580023F22D /* SnapKit */; };
		1D9BFD1F291CDB730023F22D /* Alamofire in Frameworks */ = {isa = PBXBuildFile; productRef = 1D9BFD1E291CDB730023F22D /* Alamofire */; };
		1D9BFD22291CF5F80023F22D /* NewsListPresenter.swift in Sources */ = {isa = PBXBuildFile; fileRef = 1D9BFD21291CF5F80023F22D /* NewsListPresenter.swift */; };
		1D9BFD25291CF9A30023F22D /* NewsListTableViewCell.swift in Sources */ = {isa = PBXBuildFile; fileRef = 1D9BFD24291CF9A30023F22D /* NewsListTableViewCell.swift */; };
		61702CD10DC8DFE41DCEABF8 /* Pods_KeywordNews_KeywordNewsUITests.framework in Frameworks */ = {isa = PBXBuildFile; fileRef = 7EA75CB08F88D6B4B7B93075 /* Pods_KeywordNews_KeywordNewsUITests.framework */; };
		6E031EF25A5BE7E09923AC72 /* Pods_KeywordNews.framework in Frameworks */ = {isa = PBXBuildFile; fileRef = FFDF0C47E291B0DE01662332 /* Pods_KeywordNews.framework */; };
		ABBADB2E21BB302D4EC955F9 /* Pods_KeywordNewsTests.framework in Frameworks */ = {isa = PBXBuildFile; fileRef = 27C761868DA4336C37172CB3 /* Pods_KeywordNewsTests.framework */; };
/* End PBXBuildFile section */

/* Begin PBXContainerItemProxy section */
		1D9BFCFE291CDB0F0023F22D /* PBXContainerItemProxy */ = {
			isa = PBXContainerItemProxy;
			containerPortal = 1D9BFCDF291CDB0D0023F22D /* Project object */;
			proxyType = 1;
			remoteGlobalIDString = 1D9BFCE6291CDB0D0023F22D;
			remoteInfo = KeywordNews;
		};
		1D9BFD08291CDB0F0023F22D /* PBXContainerItemProxy */ = {
			isa = PBXContainerItemProxy;
			containerPortal = 1D9BFCDF291CDB0D0023F22D /* Project object */;
			proxyType = 1;
			remoteGlobalIDString = 1D9BFCE6291CDB0D0023F22D;
			remoteInfo = KeywordNews;
		};
/* End PBXContainerItemProxy section */

/* Begin PBXFileReference section */
		1D9BFCE7291CDB0D0023F22D /* KeywordNews.app */ = {isa = PBXFileReference; explicitFileType = wrapper.application; includeInIndex = 0; path = KeywordNews.app; sourceTree = BUILT_PRODUCTS_DIR; };
		1D9BFCEA291CDB0D0023F22D /* AppDelegate.swift */ = {isa = PBXFileReference; lastKnownFileType = sourcecode.swift; path = AppDelegate.swift; sourceTree = "<group>"; };
		1D9BFCEC291CDB0D0023F22D /* SceneDelegate.swift */ = {isa = PBXFileReference; lastKnownFileType = sourcecode.swift; path = SceneDelegate.swift; sourceTree = "<group>"; };
		1D9BFCEE291CDB0D0023F22D /* NewsListViewController.swift */ = {isa = PBXFileReference; lastKnownFileType = sourcecode.swift; path = NewsListViewController.swift; sourceTree = "<group>"; };
		1D9BFCF3291CDB0F0023F22D /* Assets.xcassets */ = {isa = PBXFileReference; lastKnownFileType = folder.assetcatalog; path = Assets.xcassets; sourceTree = "<group>"; };
		1D9BFCF6291CDB0F0023F22D /* Base */ = {isa = PBXFileReference; lastKnownFileType = file.storyboard; name = Base; path = Base.lproj/LaunchScreen.storyboard; sourceTree = "<group>"; };
		1D9BFCF8291CDB0F0023F22D /* Info.plist */ = {isa = PBXFileReference; lastKnownFileType = text.plist.xml; path = Info.plist; sourceTree = "<group>"; };
		1D9BFCFD291CDB0F0023F22D /* KeywordNewsTests.xctest */ = {isa = PBXFileReference; explicitFileType = wrapper.cfbundle; includeInIndex = 0; path = KeywordNewsTests.xctest; sourceTree = BUILT_PRODUCTS_DIR; };
		1D9BFD01291CDB0F0023F22D /* KeywordNewsTests.swift */ = {isa = PBXFileReference; lastKnownFileType = sourcecode.swift; path = KeywordNewsTests.swift; sourceTree = "<group>"; };
		1D9BFD07291CDB0F0023F22D /* KeywordNewsUITests.xctest */ = {isa = PBXFileReference; explicitFileType = wrapper.cfbundle; includeInIndex = 0; path = KeywordNewsUITests.xctest; sourceTree = BUILT_PRODUCTS_DIR; };
		1D9BFD0B291CDB0F0023F22D /* KeywordNewsUITests.swift */ = {isa = PBXFileReference; lastKnownFileType = sourcecode.swift; path = KeywordNewsUITests.swift; sourceTree = "<group>"; };
		1D9BFD0D291CDB0F0023F22D /* KeywordNewsUITestsLaunchTests.swift */ = {isa = PBXFileReference; lastKnownFileType = sourcecode.swift; path = KeywordNewsUITestsLaunchTests.swift; sourceTree = "<group>"; };
		1D9BFD21291CF5F80023F22D /* NewsListPresenter.swift */ = {isa = PBXFileReference; lastKnownFileType = sourcecode.swift; path = NewsListPresenter.swift; sourceTree = "<group>"; };
		1D9BFD24291CF9A30023F22D /* NewsListTableViewCell.swift */ = {isa = PBXFileReference; lastKnownFileType = sourcecode.swift; path = NewsListTableViewCell.swift; sourceTree = "<group>"; };
		26AE2D305F75581C00865CF8 /* Pods-KeywordNewsTests.release.xcconfig */ = {isa = PBXFileReference; includeInIndex = 1; lastKnownFileType = text.xcconfig; name = "Pods-KeywordNewsTests.release.xcconfig"; path = "Target Support Files/Pods-KeywordNewsTests/Pods-KeywordNewsTests.release.xcconfig"; sourceTree = "<group>"; };
		27C761868DA4336C37172CB3 /* Pods_KeywordNewsTests.framework */ = {isa = PBXFileReference; explicitFileType = wrapper.framework; includeInIndex = 0; path = Pods_KeywordNewsTests.framework; sourceTree = BUILT_PRODUCTS_DIR; };
		4D6A0C229B02634CD32D6A60 /* Pods-KeywordNews.debug.xcconfig */ = {isa = PBXFileReference; includeInIndex = 1; lastKnownFileType = text.xcconfig; name = "Pods-KeywordNews.debug.xcconfig"; path = "Target Support Files/Pods-KeywordNews/Pods-KeywordNews.debug.xcconfig"; sourceTree = "<group>"; };
		52B76A7700C2767DB2014C6F /* Pods-KeywordNews-KeywordNewsUITests.release.xcconfig */ = {isa = PBXFileReference; includeInIndex = 1; lastKnownFileType = text.xcconfig; name = "Pods-KeywordNews-KeywordNewsUITests.release.xcconfig"; path = "Target Support Files/Pods-KeywordNews-KeywordNewsUITests/Pods-KeywordNews-KeywordNewsUITests.release.xcconfig"; sourceTree = "<group>"; };
		7EA75CB08F88D6B4B7B93075 /* Pods_KeywordNews_KeywordNewsUITests.framework */ = {isa = PBXFileReference; explicitFileType = wrapper.framework; includeInIndex = 0; path = Pods_KeywordNews_KeywordNewsUITests.framework; sourceTree = BUILT_PRODUCTS_DIR; };
		857A975AE6D6A4A429359B1D /* Pods-KeywordNewsTests.debug.xcconfig */ = {isa = PBXFileReference; includeInIndex = 1; lastKnownFileType = text.xcconfig; name = "Pods-KeywordNewsTests.debug.xcconfig"; path = "Target Support Files/Pods-KeywordNewsTests/Pods-KeywordNewsTests.debug.xcconfig"; sourceTree = "<group>"; };
		C7048F1B508AA6CAA8AB513A /* Pods-KeywordNews-KeywordNewsUITests.debug.xcconfig */ = {isa = PBXFileReference; includeInIndex = 1; lastKnownFileType = text.xcconfig; name = "Pods-KeywordNews-KeywordNewsUITests.debug.xcconfig"; path = "Target Support Files/Pods-KeywordNews-KeywordNewsUITests/Pods-KeywordNews-KeywordNewsUITests.debug.xcconfig"; sourceTree = "<group>"; };
		CF7BEEBA4B9B927CA3A2350A /* Pods-KeywordNews.release.xcconfig */ = {isa = PBXFileReference; includeInIndex = 1; lastKnownFileType = text.xcconfig; name = "Pods-KeywordNews.release.xcconfig"; path = "Target Support Files/Pods-KeywordNews/Pods-KeywordNews.release.xcconfig"; sourceTree = "<group>"; };
		FFDF0C47E291B0DE01662332 /* Pods_KeywordNews.framework */ = {isa = PBXFileReference; explicitFileType = wrapper.framework; includeInIndex = 0; path = Pods_KeywordNews.framework; sourceTree = BUILT_PRODUCTS_DIR; };
/* End PBXFileReference section */

/* Begin PBXFrameworksBuildPhase section */
		1D9BFCE4291CDB0D0023F22D /* Frameworks */ = {
			isa = PBXFrameworksBuildPhase;
			buildActionMask = 2147483647;
			files = (
				1D9BFD1C291CDB580023F22D /* SnapKit in Frameworks */,
				1D9BFD1F291CDB730023F22D /* Alamofire in Frameworks */,
				6E031EF25A5BE7E09923AC72 /* Pods_KeywordNews.framework in Frameworks */,
			);
			runOnlyForDeploymentPostprocessing = 0;
		};
		1D9BFCFA291CDB0F0023F22D /* Frameworks */ = {
			isa = PBXFrameworksBuildPhase;
			buildActionMask = 2147483647;
			files = (
				ABBADB2E21BB302D4EC955F9 /* Pods_KeywordNewsTests.framework in Frameworks */,
			);
			runOnlyForDeploymentPostprocessing = 0;
		};
		1D9BFD04291CDB0F0023F22D /* Frameworks */ = {
			isa = PBXFrameworksBuildPhase;
			buildActionMask = 2147483647;
			files = (
				61702CD10DC8DFE41DCEABF8 /* Pods_KeywordNews_KeywordNewsUITests.framework in Frameworks */,
			);
			runOnlyForDeploymentPostprocessing = 0;
		};
/* End PBXFrameworksBuildPhase section */

/* Begin PBXGroup section */
		1D9BFCDE291CDB0D0023F22D = {
			isa = PBXGroup;
			children = (
				1D9BFCE9291CDB0D0023F22D /* KeywordNews */,
				1D9BFD00291CDB0F0023F22D /* KeywordNewsTests */,
				1D9BFD0A291CDB0F0023F22D /* KeywordNewsUITests */,
				1D9BFCE8291CDB0D0023F22D /* Products */,
				E6EED69873FEB68A9F6A5D46 /* Pods */,
				2D12112F61AF29E940A7DFF2 /* Frameworks */,
			);
			sourceTree = "<group>";
		};
		1D9BFCE8291CDB0D0023F22D /* Products */ = {
			isa = PBXGroup;
			children = (
				1D9BFCE7291CDB0D0023F22D /* KeywordNews.app */,
				1D9BFCFD291CDB0F0023F22D /* KeywordNewsTests.xctest */,
				1D9BFD07291CDB0F0023F22D /* KeywordNewsUITests.xctest */,
			);
			name = Products;
			sourceTree = "<group>";
		};
		1D9BFCE9291CDB0D0023F22D /* KeywordNews */ = {
			isa = PBXGroup;
			children = (
				1D9BFCEA291CDB0D0023F22D /* AppDelegate.swift */,
				1D9BFCEC291CDB0D0023F22D /* SceneDelegate.swift */,
				1D9BFD20291CF5E10023F22D /* Scenes */,
				1D9BFCF3291CDB0F0023F22D /* Assets.xcassets */,
				1D9BFCF5291CDB0F0023F22D /* LaunchScreen.storyboard */,
				1D9BFCF8291CDB0F0023F22D /* Info.plist */,
			);
			path = KeywordNews;
			sourceTree = "<group>";
		};
		1D9BFD00291CDB0F0023F22D /* KeywordNewsTests */ = {
			isa = PBXGroup;
			children = (
				1D9BFD01291CDB0F0023F22D /* KeywordNewsTests.swift */,
			);
			path = KeywordNewsTests;
			sourceTree = "<group>";
		};
		1D9BFD0A291CDB0F0023F22D /* KeywordNewsUITests */ = {
			isa = PBXGroup;
			children = (
				1D9BFD0B291CDB0F0023F22D /* KeywordNewsUITests.swift */,
				1D9BFD0D291CDB0F0023F22D /* KeywordNewsUITestsLaunchTests.swift */,
			);
			path = KeywordNewsUITests;
			sourceTree = "<group>";
		};
		1D9BFD20291CF5E10023F22D /* Scenes */ = {
			isa = PBXGroup;
			children = (
				1D9BFD23291CF5FC0023F22D /* NewsList */,
			);
			path = Scenes;
			sourceTree = "<group>";
		};
		1D9BFD23291CF5FC0023F22D /* NewsList */ = {
			isa = PBXGroup;
			children = (
				1D9BFCEE291CDB0D0023F22D /* NewsListViewController.swift */,
				1D9BFD21291CF5F80023F22D /* NewsListPresenter.swift */,
				1D9BFD24291CF9A30023F22D /* NewsListTableViewCell.swift */,
			);
			path = NewsList;
			sourceTree = "<group>";
		};
		2D12112F61AF29E940A7DFF2 /* Frameworks */ = {
			isa = PBXGroup;
			children = (
				FFDF0C47E291B0DE01662332 /* Pods_KeywordNews.framework */,
				7EA75CB08F88D6B4B7B93075 /* Pods_KeywordNews_KeywordNewsUITests.framework */,
				27C761868DA4336C37172CB3 /* Pods_KeywordNewsTests.framework */,
			);
			name = Frameworks;
			sourceTree = "<group>";
		};
		E6EED69873FEB68A9F6A5D46 /* Pods */ = {
			isa = PBXGroup;
			children = (
				4D6A0C229B02634CD32D6A60 /* Pods-KeywordNews.debug.xcconfig */,
				CF7BEEBA4B9B927CA3A2350A /* Pods-KeywordNews.release.xcconfig */,
				C7048F1B508AA6CAA8AB513A /* Pods-KeywordNews-KeywordNewsUITests.debug.xcconfig */,
				52B76A7700C2767DB2014C6F /* Pods-KeywordNews-KeywordNewsUITests.release.xcconfig */,
				857A975AE6D6A4A429359B1D /* Pods-KeywordNewsTests.debug.xcconfig */,
				26AE2D305F75581C00865CF8 /* Pods-KeywordNewsTests.release.xcconfig */,
			);
			name = Pods;
			path = Pods;
			sourceTree = "<group>";
		};
/* End PBXGroup section */

/* Begin PBXNativeTarget section */
		1D9BFCE6291CDB0D0023F22D /* KeywordNews */ = {
			isa = PBXNativeTarget;
			buildConfigurationList = 1D9BFD11291CDB0F0023F22D /* Build configuration list for PBXNativeTarget "KeywordNews" */;
			buildPhases = (
				51B505AB42B11886380C47C3 /* [CP] Check Pods Manifest.lock */,
				1D9BFCE3291CDB0D0023F22D /* Sources */,
				1D9BFCE4291CDB0D0023F22D /* Frameworks */,
				1D9BFCE5291CDB0D0023F22D /* Resources */,
				B5CA4EB0237AC4D3096B18E2 /* [CP] Embed Pods Frameworks */,
			);
			buildRules = (
			);
			dependencies = (
			);
			name = KeywordNews;
			packageProductDependencies = (
				1D9BFD1B291CDB580023F22D /* SnapKit */,
				1D9BFD1E291CDB730023F22D /* Alamofire */,
			);
			productName = KeywordNews;
			productReference = 1D9BFCE7291CDB0D0023F22D /* KeywordNews.app */;
			productType = "com.apple.product-type.application";
		};
		1D9BFCFC291CDB0F0023F22D /* KeywordNewsTests */ = {
			isa = PBXNativeTarget;
			buildConfigurationList = 1D9BFD14291CDB0F0023F22D /* Build configuration list for PBXNativeTarget "KeywordNewsTests" */;
			buildPhases = (
				759ECA1F42B12F1AE952EC88 /* [CP] Check Pods Manifest.lock */,
				1D9BFCF9291CDB0F0023F22D /* Sources */,
				1D9BFCFA291CDB0F0023F22D /* Frameworks */,
				1D9BFCFB291CDB0F0023F22D /* Resources */,
			);
			buildRules = (
			);
			dependencies = (
				1D9BFCFF291CDB0F0023F22D /* PBXTargetDependency */,
			);
			name = KeywordNewsTests;
			productName = KeywordNewsTests;
			productReference = 1D9BFCFD291CDB0F0023F22D /* KeywordNewsTests.xctest */;
			productType = "com.apple.product-type.bundle.unit-test";
		};
		1D9BFD06291CDB0F0023F22D /* KeywordNewsUITests */ = {
			isa = PBXNativeTarget;
			buildConfigurationList = 1D9BFD17291CDB0F0023F22D /* Build configuration list for PBXNativeTarget "KeywordNewsUITests" */;
			buildPhases = (
				7D6C222E567772D31AB1A9C2 /* [CP] Check Pods Manifest.lock */,
				1D9BFD03291CDB0F0023F22D /* Sources */,
				1D9BFD04291CDB0F0023F22D /* Frameworks */,
				1D9BFD05291CDB0F0023F22D /* Resources */,
				4139BF64863714CABEA2A5B8 /* [CP] Embed Pods Frameworks */,
			);
			buildRules = (
			);
			dependencies = (
				1D9BFD09291CDB0F0023F22D /* PBXTargetDependency */,
			);
			name = KeywordNewsUITests;
			productName = KeywordNewsUITests;
			productReference = 1D9BFD07291CDB0F0023F22D /* KeywordNewsUITests.xctest */;
			productType = "com.apple.product-type.bundle.ui-testing";
		};
/* End PBXNativeTarget section */

/* Begin PBXProject section */
		1D9BFCDF291CDB0D0023F22D /* Project object */ = {
			isa = PBXProject;
			attributes = {
				BuildIndependentTargetsInParallel = 1;
				LastSwiftUpdateCheck = 1340;
				LastUpgradeCheck = 1340;
				TargetAttributes = {
					1D9BFCE6291CDB0D0023F22D = {
						CreatedOnToolsVersion = 13.4.1;
					};
					1D9BFCFC291CDB0F0023F22D = {
						CreatedOnToolsVersion = 13.4.1;
						TestTargetID = 1D9BFCE6291CDB0D0023F22D;
					};
					1D9BFD06291CDB0F0023F22D = {
						CreatedOnToolsVersion = 13.4.1;
						TestTargetID = 1D9BFCE6291CDB0D0023F22D;
					};
				};
			};
			buildConfigurationList = 1D9BFCE2291CDB0D0023F22D /* Build configuration list for PBXProject "KeywordNews" */;
			compatibilityVersion = "Xcode 13.0";
			developmentRegion = en;
			hasScannedForEncodings = 0;
			knownRegions = (
				en,
				Base,
			);
			mainGroup = 1D9BFCDE291CDB0D0023F22D;
			packageReferences = (
				1D9BFD1A291CDB580023F22D /* XCRemoteSwiftPackageReference "SnapKit.git" */,
				1D9BFD1D291CDB730023F22D /* XCRemoteSwiftPackageReference "Alamofire.git" */,
			);
			productRefGroup = 1D9BFCE8291CDB0D0023F22D /* Products */;
			projectDirPath = "";
			projectRoot = "";
			targets = (
				1D9BFCE6291CDB0D0023F22D /* KeywordNews */,
				1D9BFCFC291CDB0F0023F22D /* KeywordNewsTests */,
				1D9BFD06291CDB0F0023F22D /* KeywordNewsUITests */,
			);
		};
/* End PBXProject section */

/* Begin PBXResourcesBuildPhase section */
		1D9BFCE5291CDB0D0023F22D /* Resources */ = {
			isa = PBXResourcesBuildPhase;
			buildActionMask = 2147483647;
			files = (
				1D9BFCF7291CDB0F0023F22D /* LaunchScreen.storyboard in Resources */,
				1D9BFCF4291CDB0F0023F22D /* Assets.xcassets in Resources */,
			);
			runOnlyForDeploymentPostprocessing = 0;
		};
		1D9BFCFB291CDB0F0023F22D /* Resources */ = {
			isa = PBXResourcesBuildPhase;
			buildActionMask = 2147483647;
			files = (
			);
			runOnlyForDeploymentPostprocessing = 0;
		};
		1D9BFD05291CDB0F0023F22D /* Resources */ = {
			isa = PBXResourcesBuildPhase;
			buildActionMask = 2147483647;
			files = (
			);
			runOnlyForDeploymentPostprocessing = 0;
		};
/* End PBXResourcesBuildPhase section */

/* Begin PBXShellScriptBuildPhase section */
		4139BF64863714CABEA2A5B8 /* [CP] Embed Pods Frameworks */ = {
			isa = PBXShellScriptBuildPhase;
			buildActionMask = 2147483647;
			files = (
			);
			inputFileListPaths = (
				"${PODS_ROOT}/Target Support Files/Pods-KeywordNews-KeywordNewsUITests/Pods-KeywordNews-KeywordNewsUITests-frameworks-${CONFIGURATION}-input-files.xcfilelist",
			);
			name = "[CP] Embed Pods Frameworks";
			outputFileListPaths = (
				"${PODS_ROOT}/Target Support Files/Pods-KeywordNews-KeywordNewsUITests/Pods-KeywordNews-KeywordNewsUITests-frameworks-${CONFIGURATION}-output-files.xcfilelist",
			);
			runOnlyForDeploymentPostprocessing = 0;
			shellPath = /bin/sh;
			shellScript = "\"${PODS_ROOT}/Target Support Files/Pods-KeywordNews-KeywordNewsUITests/Pods-KeywordNews-KeywordNewsUITests-frameworks.sh\"\n";
			showEnvVarsInLog = 0;
		};
		51B505AB42B11886380C47C3 /* [CP] Check Pods Manifest.lock */ = {
			isa = PBXShellScriptBuildPhase;
			buildActionMask = 2147483647;
			files = (
			);
			inputFileListPaths = (
			);
			inputPaths = (
				"${PODS_PODFILE_DIR_PATH}/Podfile.lock",
				"${PODS_ROOT}/Manifest.lock",
			);
			name = "[CP] Check Pods Manifest.lock";
			outputFileListPaths = (
			);
			outputPaths = (
				"$(DERIVED_FILE_DIR)/Pods-KeywordNews-checkManifestLockResult.txt",
			);
			runOnlyForDeploymentPostprocessing = 0;
			shellPath = /bin/sh;
			shellScript = "diff \"${PODS_PODFILE_DIR_PATH}/Podfile.lock\" \"${PODS_ROOT}/Manifest.lock\" > /dev/null\nif [ $? != 0 ] ; then\n    # print error to STDERR\n    echo \"error: The sandbox is not in sync with the Podfile.lock. Run 'pod install' or update your CocoaPods installation.\" >&2\n    exit 1\nfi\n# This output is used by Xcode 'outputs' to avoid re-running this script phase.\necho \"SUCCESS\" > \"${SCRIPT_OUTPUT_FILE_0}\"\n";
			showEnvVarsInLog = 0;
		};
		759ECA1F42B12F1AE952EC88 /* [CP] Check Pods Manifest.lock */ = {
			isa = PBXShellScriptBuildPhase;
			buildActionMask = 2147483647;
			files = (
			);
			inputFileListPaths = (
			);
			inputPaths = (
				"${PODS_PODFILE_DIR_PATH}/Podfile.lock",
				"${PODS_ROOT}/Manifest.lock",
			);
			name = "[CP] Check Pods Manifest.lock";
			outputFileListPaths = (
			);
			outputPaths = (
				"$(DERIVED_FILE_DIR)/Pods-KeywordNewsTests-checkManifestLockResult.txt",
			);
			runOnlyForDeploymentPostprocessing = 0;
			shellPath = /bin/sh;
			shellScript = "diff \"${PODS_PODFILE_DIR_PATH}/Podfile.lock\" \"${PODS_ROOT}/Manifest.lock\" > /dev/null\nif [ $? != 0 ] ; then\n    # print error to STDERR\n    echo \"error: The sandbox is not in sync with the Podfile.lock. Run 'pod install' or update your CocoaPods installation.\" >&2\n    exit 1\nfi\n# This output is used by Xcode 'outputs' to avoid re-running this script phase.\necho \"SUCCESS\" > \"${SCRIPT_OUTPUT_FILE_0}\"\n";
			showEnvVarsInLog = 0;
		};
		7D6C222E567772D31AB1A9C2 /* [CP] Check Pods Manifest.lock */ = {
			isa = PBXShellScriptBuildPhase;
			buildActionMask = 2147483647;
			files = (
			);
			inputFileListPaths = (
			);
			inputPaths = (
				"${PODS_PODFILE_DIR_PATH}/Podfile.lock",
				"${PODS_ROOT}/Manifest.lock",
			);
			name = "[CP] Check Pods Manifest.lock";
			outputFileListPaths = (
			);
			outputPaths = (
				"$(DERIVED_FILE_DIR)/Pods-KeywordNews-KeywordNewsUITests-checkManifestLockResult.txt",
			);
			runOnlyForDeploymentPostprocessing = 0;
			shellPath = /bin/sh;
			shellScript = "diff \"${PODS_PODFILE_DIR_PATH}/Podfile.lock\" \"${PODS_ROOT}/Manifest.lock\" > /dev/null\nif [ $? != 0 ] ; then\n    # print error to STDERR\n    echo \"error: The sandbox is not in sync with the Podfile.lock. Run 'pod install' or update your CocoaPods installation.\" >&2\n    exit 1\nfi\n# This output is used by Xcode 'outputs' to avoid re-running this script phase.\necho \"SUCCESS\" > \"${SCRIPT_OUTPUT_FILE_0}\"\n";
			showEnvVarsInLog = 0;
		};
		B5CA4EB0237AC4D3096B18E2 /* [CP] Embed Pods Frameworks */ = {
			isa = PBXShellScriptBuildPhase;
			buildActionMask = 2147483647;
			files = (
			);
			inputFileListPaths = (
				"${PODS_ROOT}/Target Support Files/Pods-KeywordNews/Pods-KeywordNews-frameworks-${CONFIGURATION}-input-files.xcfilelist",
			);
			name = "[CP] Embed Pods Frameworks";
			outputFileListPaths = (
				"${PODS_ROOT}/Target Support Files/Pods-KeywordNews/Pods-KeywordNews-frameworks-${CONFIGURATION}-output-files.xcfilelist",
			);
			runOnlyForDeploymentPostprocessing = 0;
			shellPath = /bin/sh;
			shellScript = "\"${PODS_ROOT}/Target Support Files/Pods-KeywordNews/Pods-KeywordNews-frameworks.sh\"\n";
			showEnvVarsInLog = 0;
		};
/* End PBXShellScriptBuildPhase section */

/* Begin PBXSourcesBuildPhase section */
		1D9BFCE3291CDB0D0023F22D /* Sources */ = {
			isa = PBXSourcesBuildPhase;
			buildActionMask = 2147483647;
			files = (
				1D9BFCEF291CDB0D0023F22D /* NewsListViewController.swift in Sources */,
				1D9BFD25291CF9A30023F22D /* NewsListTableViewCell.swift in Sources */,
				1D9BFCEB291CDB0D0023F22D /* AppDelegate.swift in Sources */,
				1D9BFCED291CDB0D0023F22D /* SceneDelegate.swift in Sources */,
				1D9BFD22291CF5F80023F22D /* NewsListPresenter.swift in Sources */,
			);
			runOnlyForDeploymentPostprocessing = 0;
		};
		1D9BFCF9291CDB0F0023F22D /* Sources */ = {
			isa = PBXSourcesBuildPhase;
			buildActionMask = 2147483647;
			files = (
				1D9BFD02291CDB0F0023F22D /* KeywordNewsTests.swift in Sources */,
			);
			runOnlyForDeploymentPostprocessing = 0;
		};
		1D9BFD03291CDB0F0023F22D /* Sources */ = {
			isa = PBXSourcesBuildPhase;
			buildActionMask = 2147483647;
			files = (
				1D9BFD0C291CDB0F0023F22D /* KeywordNewsUITests.swift in Sources */,
				1D9BFD0E291CDB0F0023F22D /* KeywordNewsUITestsLaunchTests.swift in Sources */,
			);
			runOnlyForDeploymentPostprocessing = 0;
		};
/* End PBXSourcesBuildPhase section */

/* Begin PBXTargetDependency section */
		1D9BFCFF291CDB0F0023F22D /* PBXTargetDependency */ = {
			isa = PBXTargetDependency;
			target = 1D9BFCE6291CDB0D0023F22D /* KeywordNews */;
			targetProxy = 1D9BFCFE291CDB0F0023F22D /* PBXContainerItemProxy */;
		};
		1D9BFD09291CDB0F0023F22D /* PBXTargetDependency */ = {
			isa = PBXTargetDependency;
			target = 1D9BFCE6291CDB0D0023F22D /* KeywordNews */;
			targetProxy = 1D9BFD08291CDB0F0023F22D /* PBXContainerItemProxy */;
		};
/* End PBXTargetDependency section */

/* Begin PBXVariantGroup section */
		1D9BFCF5291CDB0F0023F22D /* LaunchScreen.storyboard */ = {
			isa = PBXVariantGroup;
			children = (
				1D9BFCF6291CDB0F0023F22D /* Base */,
			);
			name = LaunchScreen.storyboard;
			sourceTree = "<group>";
		};
/* End PBXVariantGroup section */

/* Begin XCBuildConfiguration section */
		1D9BFD0F291CDB0F0023F22D /* Debug */ = {
			isa = XCBuildConfiguration;
			buildSettings = {
				ALWAYS_SEARCH_USER_PATHS = NO;
				CLANG_ANALYZER_NONNULL = YES;
				CLANG_ANALYZER_NUMBER_OBJECT_CONVERSION = YES_AGGRESSIVE;
				CLANG_CXX_LANGUAGE_STANDARD = "gnu++17";
				CLANG_ENABLE_MODULES = YES;
				CLANG_ENABLE_OBJC_ARC = YES;
				CLANG_ENABLE_OBJC_WEAK = YES;
				CLANG_WARN_BLOCK_CAPTURE_AUTORELEASING = YES;
				CLANG_WARN_BOOL_CONVERSION = YES;
				CLANG_WARN_COMMA = YES;
				CLANG_WARN_CONSTANT_CONVERSION = YES;
				CLANG_WARN_DEPRECATED_OBJC_IMPLEMENTATIONS = YES;
				CLANG_WARN_DIRECT_OBJC_ISA_USAGE = YES_ERROR;
				CLANG_WARN_DOCUMENTATION_COMMENTS = YES;
				CLANG_WARN_EMPTY_BODY = YES;
				CLANG_WARN_ENUM_CONVERSION = YES;
				CLANG_WARN_INFINITE_RECURSION = YES;
				CLANG_WARN_INT_CONVERSION = YES;
				CLANG_WARN_NON_LITERAL_NULL_CONVERSION = YES;
				CLANG_WARN_OBJC_IMPLICIT_RETAIN_SELF = YES;
				CLANG_WARN_OBJC_LITERAL_CONVERSION = YES;
				CLANG_WARN_OBJC_ROOT_CLASS = YES_ERROR;
				CLANG_WARN_QUOTED_INCLUDE_IN_FRAMEWORK_HEADER = YES;
				CLANG_WARN_RANGE_LOOP_ANALYSIS = YES;
				CLANG_WARN_STRICT_PROTOTYPES = YES;
				CLANG_WARN_SUSPICIOUS_MOVE = YES;
				CLANG_WARN_UNGUARDED_AVAILABILITY = YES_AGGRESSIVE;
				CLANG_WARN_UNREACHABLE_CODE = YES;
				CLANG_WARN__DUPLICATE_METHOD_MATCH = YES;
				COPY_PHASE_STRIP = NO;
				DEBUG_INFORMATION_FORMAT = dwarf;
				ENABLE_STRICT_OBJC_MSGSEND = YES;
				ENABLE_TESTABILITY = YES;
				GCC_C_LANGUAGE_STANDARD = gnu11;
				GCC_DYNAMIC_NO_PIC = NO;
				GCC_NO_COMMON_BLOCKS = YES;
				GCC_OPTIMIZATION_LEVEL = 0;
				GCC_PREPROCESSOR_DEFINITIONS = (
					"DEBUG=1",
					"$(inherited)",
				);
				GCC_WARN_64_TO_32_BIT_CONVERSION = YES;
				GCC_WARN_ABOUT_RETURN_TYPE = YES_ERROR;
				GCC_WARN_UNDECLARED_SELECTOR = YES;
				GCC_WARN_UNINITIALIZED_AUTOS = YES_AGGRESSIVE;
				GCC_WARN_UNUSED_FUNCTION = YES;
				GCC_WARN_UNUSED_VARIABLE = YES;
				IPHONEOS_DEPLOYMENT_TARGET = 15.5;
				MTL_ENABLE_DEBUG_INFO = INCLUDE_SOURCE;
				MTL_FAST_MATH = YES;
				ONLY_ACTIVE_ARCH = YES;
				SDKROOT = iphoneos;
				SWIFT_ACTIVE_COMPILATION_CONDITIONS = DEBUG;
				SWIFT_OPTIMIZATION_LEVEL = "-Onone";
			};
			name = Debug;
		};
		1D9BFD10291CDB0F0023F22D /* Release */ = {
			isa = XCBuildConfiguration;
			buildSettings = {
				ALWAYS_SEARCH_USER_PATHS = NO;
				CLANG_ANALYZER_NONNULL = YES;
				CLANG_ANALYZER_NUMBER_OBJECT_CONVERSION = YES_AGGRESSIVE;
				CLANG_CXX_LANGUAGE_STANDARD = "gnu++17";
				CLANG_ENABLE_MODULES = YES;
				CLANG_ENABLE_OBJC_ARC = YES;
				CLANG_ENABLE_OBJC_WEAK = YES;
				CLANG_WARN_BLOCK_CAPTURE_AUTORELEASING = YES;
				CLANG_WARN_BOOL_CONVERSION = YES;
				CLANG_WARN_COMMA = YES;
				CLANG_WARN_CONSTANT_CONVERSION = YES;
				CLANG_WARN_DEPRECATED_OBJC_IMPLEMENTATIONS = YES;
				CLANG_WARN_DIRECT_OBJC_ISA_USAGE = YES_ERROR;
				CLANG_WARN_DOCUMENTATION_COMMENTS = YES;
				CLANG_WARN_EMPTY_BODY = YES;
				CLANG_WARN_ENUM_CONVERSION = YES;
				CLANG_WARN_INFINITE_RECURSION = YES;
				CLANG_WARN_INT_CONVERSION = YES;
				CLANG_WARN_NON_LITERAL_NULL_CONVERSION = YES;
				CLANG_WARN_OBJC_IMPLICIT_RETAIN_SELF = YES;
				CLANG_WARN_OBJC_LITERAL_CONVERSION = YES;
				CLANG_WARN_OBJC_ROOT_CLASS = YES_ERROR;
				CLANG_WARN_QUOTED_INCLUDE_IN_FRAMEWORK_HEADER = YES;
				CLANG_WARN_RANGE_LOOP_ANALYSIS = YES;
				CLANG_WARN_STRICT_PROTOTYPES = YES;
				CLANG_WARN_SUSPICIOUS_MOVE = YES;
				CLANG_WARN_UNGUARDED_AVAILABILITY = YES_AGGRESSIVE;
				CLANG_WARN_UNREACHABLE_CODE = YES;
				CLANG_WARN__DUPLICATE_METHOD_MATCH = YES;
				COPY_PHASE_STRIP = NO;
				DEBUG_INFORMATION_FORMAT = "dwarf-with-dsym";
				ENABLE_NS_ASSERTIONS = NO;
				ENABLE_STRICT_OBJC_MSGSEND = YES;
				GCC_C_LANGUAGE_STANDARD = gnu11;
				GCC_NO_COMMON_BLOCKS = YES;
				GCC_WARN_64_TO_32_BIT_CONVERSION = YES;
				GCC_WARN_ABOUT_RETURN_TYPE = YES_ERROR;
				GCC_WARN_UNDECLARED_SELECTOR = YES;
				GCC_WARN_UNINITIALIZED_AUTOS = YES_AGGRESSIVE;
				GCC_WARN_UNUSED_FUNCTION = YES;
				GCC_WARN_UNUSED_VARIABLE = YES;
				IPHONEOS_DEPLOYMENT_TARGET = 15.5;
				MTL_ENABLE_DEBUG_INFO = NO;
				MTL_FAST_MATH = YES;
				SDKROOT = iphoneos;
				SWIFT_COMPILATION_MODE = wholemodule;
				SWIFT_OPTIMIZATION_LEVEL = "-O";
				VALIDATE_PRODUCT = YES;
			};
			name = Release;
		};
		1D9BFD12291CDB0F0023F22D /* Debug */ = {
			isa = XCBuildConfiguration;
			baseConfigurationReference = 4D6A0C229B02634CD32D6A60 /* Pods-KeywordNews.debug.xcconfig */;
			buildSettings = {
				ASSETCATALOG_COMPILER_APPICON_NAME = AppIcon;
				ASSETCATALOG_COMPILER_GLOBAL_ACCENT_COLOR_NAME = AccentColor;
				CODE_SIGN_STYLE = Automatic;
				CURRENT_PROJECT_VERSION = 1;
				DEVELOPMENT_TEAM = W8KMTD3937;
				GENERATE_INFOPLIST_FILE = YES;
				INFOPLIST_FILE = KeywordNews/Info.plist;
				INFOPLIST_KEY_UIApplicationSupportsIndirectInputEvents = YES;
				INFOPLIST_KEY_UILaunchStoryboardName = LaunchScreen;
				INFOPLIST_KEY_UISupportedInterfaceOrientations_iPad = "UIInterfaceOrientationPortrait UIInterfaceOrientationPortraitUpsideDown UIInterfaceOrientationLandscapeLeft UIInterfaceOrientationLandscapeRight";
				INFOPLIST_KEY_UISupportedInterfaceOrientations_iPhone = "UIInterfaceOrientationPortrait UIInterfaceOrientationLandscapeLeft UIInterfaceOrientationLandscapeRight";
				IPHONEOS_DEPLOYMENT_TARGET = 14.0;
				LD_RUNPATH_SEARCH_PATHS = (
					"$(inherited)",
					"@executable_path/Frameworks",
				);
				MARKETING_VERSION = 1.0;
				PRODUCT_BUNDLE_IDENTIFIER = com.naver.kilkilyou.KeywordNews;
				PRODUCT_NAME = "$(TARGET_NAME)";
				SWIFT_EMIT_LOC_STRINGS = YES;
				SWIFT_VERSION = 5.0;
				TARGETED_DEVICE_FAMILY = 1;
			};
			name = Debug;
		};
		1D9BFD13291CDB0F0023F22D /* Release */ = {
			isa = XCBuildConfiguration;
			baseConfigurationReference = CF7BEEBA4B9B927CA3A2350A /* Pods-KeywordNews.release.xcconfig */;
			buildSettings = {
				ASSETCATALOG_COMPILER_APPICON_NAME = AppIcon;
				ASSETCATALOG_COMPILER_GLOBAL_ACCENT_COLOR_NAME = AccentColor;
				CODE_SIGN_STYLE = Automatic;
				CURRENT_PROJECT_VERSION = 1;
				DEVELOPMENT_TEAM = W8KMTD3937;
				GENERATE_INFOPLIST_FILE = YES;
				INFOPLIST_FILE = KeywordNews/Info.plist;
				INFOPLIST_KEY_UIApplicationSupportsIndirectInputEvents = YES;
				INFOPLIST_KEY_UILaunchStoryboardName = LaunchScreen;
				INFOPLIST_KEY_UISupportedInterfaceOrientations_iPad = "UIInterfaceOrientationPortrait UIInterfaceOrientationPortraitUpsideDown UIInterfaceOrientationLandscapeLeft UIInterfaceOrientationLandscapeRight";
				INFOPLIST_KEY_UISupportedInterfaceOrientations_iPhone = "UIInterfaceOrientationPortrait UIInterfaceOrientationLandscapeLeft UIInterfaceOrientationLandscapeRight";
				IPHONEOS_DEPLOYMENT_TARGET = 14.0;
				LD_RUNPATH_SEARCH_PATHS = (
					"$(inherited)",
					"@executable_path/Frameworks",
				);
				MARKETING_VERSION = 1.0;
				PRODUCT_BUNDLE_IDENTIFIER = com.naver.kilkilyou.KeywordNews;
				PRODUCT_NAME = "$(TARGET_NAME)";
				SWIFT_EMIT_LOC_STRINGS = YES;
				SWIFT_VERSION = 5.0;
				TARGETED_DEVICE_FAMILY = 1;
			};
			name = Release;
		};
		1D9BFD15291CDB0F0023F22D /* Debug */ = {
			isa = XCBuildConfiguration;
			baseConfigurationReference = 857A975AE6D6A4A429359B1D /* Pods-KeywordNewsTests.debug.xcconfig */;
			buildSettings = {
				ALWAYS_EMBED_SWIFT_STANDARD_LIBRARIES = YES;
				BUNDLE_LOADER = "$(TEST_HOST)";
				CODE_SIGN_STYLE = Automatic;
				CURRENT_PROJECT_VERSION = 1;
				DEVELOPMENT_TEAM = W8KMTD3937;
				GENERATE_INFOPLIST_FILE = YES;
				IPHONEOS_DEPLOYMENT_TARGET = 15.5;
				MARKETING_VERSION = 1.0;
				PRODUCT_BUNDLE_IDENTIFIER = com.naver.kilkilyou.KeywordNewsTests;
				PRODUCT_NAME = "$(TARGET_NAME)";
				SWIFT_EMIT_LOC_STRINGS = NO;
				SWIFT_VERSION = 5.0;
				TARGETED_DEVICE_FAMILY = "1,2";
				TEST_HOST = "$(BUILT_PRODUCTS_DIR)/KeywordNews.app/KeywordNews";
			};
			name = Debug;
		};
		1D9BFD16291CDB0F0023F22D /* Release */ = {
			isa = XCBuildConfiguration;
			baseConfigurationReference = 26AE2D305F75581C00865CF8 /* Pods-KeywordNewsTests.release.xcconfig */;
			buildSettings = {
				ALWAYS_EMBED_SWIFT_STANDARD_LIBRARIES = YES;
				BUNDLE_LOADER = "$(TEST_HOST)";
				CODE_SIGN_STYLE = Automatic;
				CURRENT_PROJECT_VERSION = 1;
				DEVELOPMENT_TEAM = W8KMTD3937;
				GENERATE_INFOPLIST_FILE = YES;
				IPHONEOS_DEPLOYMENT_TARGET = 15.5;
				MARKETING_VERSION = 1.0;
				PRODUCT_BUNDLE_IDENTIFIER = com.naver.kilkilyou.KeywordNewsTests;
				PRODUCT_NAME = "$(TARGET_NAME)";
				SWIFT_EMIT_LOC_STRINGS = NO;
				SWIFT_VERSION = 5.0;
				TARGETED_DEVICE_FAMILY = "1,2";
				TEST_HOST = "$(BUILT_PRODUCTS_DIR)/KeywordNews.app/KeywordNews";
			};
			name = Release;
		};
		1D9BFD18291CDB0F0023F22D /* Debug */ = {
			isa = XCBuildConfiguration;
			baseConfigurationReference = C7048F1B508AA6CAA8AB513A /* Pods-KeywordNews-KeywordNewsUITests.debug.xcconfig */;
			buildSettings = {
				ALWAYS_EMBED_SWIFT_STANDARD_LIBRARIES = YES;
				CODE_SIGN_STYLE = Automatic;
				CURRENT_PROJECT_VERSION = 1;
				DEVELOPMENT_TEAM = W8KMTD3937;
				GENERATE_INFOPLIST_FILE = YES;
				MARKETING_VERSION = 1.0;
				PRODUCT_BUNDLE_IDENTIFIER = com.naver.kilkilyou.KeywordNewsUITests;
				PRODUCT_NAME = "$(TARGET_NAME)";
				SWIFT_EMIT_LOC_STRINGS = NO;
				SWIFT_VERSION = 5.0;
				TARGETED_DEVICE_FAMILY = "1,2";
				TEST_TARGET_NAME = KeywordNews;
			};
			name = Debug;
		};
		1D9BFD19291CDB0F0023F22D /* Release */ = {
			isa = XCBuildConfiguration;
			baseConfigurationReference = 52B76A7700C2767DB2014C6F /* Pods-KeywordNews-KeywordNewsUITests.release.xcconfig */;
			buildSettings = {
				ALWAYS_EMBED_SWIFT_STANDARD_LIBRARIES = YES;
				CODE_SIGN_STYLE = Automatic;
				CURRENT_PROJECT_VERSION = 1;
				DEVELOPMENT_TEAM = W8KMTD3937;
				GENERATE_INFOPLIST_FILE = YES;
				MARKETING_VERSION = 1.0;
				PRODUCT_BUNDLE_IDENTIFIER = com.naver.kilkilyou.KeywordNewsUITests;
				PRODUCT_NAME = "$(TARGET_NAME)";
				SWIFT_EMIT_LOC_STRINGS = NO;
				SWIFT_VERSION = 5.0;
				TARGETED_DEVICE_FAMILY = "1,2";
				TEST_TARGET_NAME = KeywordNews;
			};
			name = Release;
		};
/* End XCBuildConfiguration section */

/* Begin XCConfigurationList section */
		1D9BFCE2291CDB0D0023F22D /* Build configuration list for PBXProject "KeywordNews" */ = {
			isa = XCConfigurationList;
			buildConfigurations = (
				1D9BFD0F291CDB0F0023F22D /* Debug */,
				1D9BFD10291CDB0F0023F22D /* Release */,
			);
			defaultConfigurationIsVisible = 0;
			defaultConfigurationName = Release;
		};
		1D9BFD11291CDB0F0023F22D /* Build configuration list for PBXNativeTarget "KeywordNews" */ = {
			isa = XCConfigurationList;
			buildConfigurations = (
				1D9BFD12291CDB0F0023F22D /* Debug */,
				1D9BFD13291CDB0F0023F22D /* Release */,
			);
			defaultConfigurationIsVisible = 0;
			defaultConfigurationName = Release;
		};
		1D9BFD14291CDB0F0023F22D /* Build configuration list for PBXNativeTarget "KeywordNewsTests" */ = {
			isa = XCConfigurationList;
			buildConfigurations = (
				1D9BFD15291CDB0F0023F22D /* Debug */,
				1D9BFD16291CDB0F0023F22D /* Release */,
			);
			defaultConfigurationIsVisible = 0;
			defaultConfigurationName = Release;
		};
		1D9BFD17291CDB0F0023F22D /* Build configuration list for PBXNativeTarget "KeywordNewsUITests" */ = {
			isa = XCConfigurationList;
			buildConfigurations = (
				1D9BFD18291CDB0F0023F22D /* Debug */,
				1D9BFD19291CDB0F0023F22D /* Release */,
			);
			defaultConfigurationIsVisible = 0;
			defaultConfigurationName = Release;
		};
/* End XCConfigurationList section */

/* Begin XCRemoteSwiftPackageReference section */
		1D9BFD1A291CDB580023F22D /* XCRemoteSwiftPackageReference "SnapKit.git" */ = {
			isa = XCRemoteSwiftPackageReference;
			repositoryURL = "https://github.com/SnapKit/SnapKit.git";
			requirement = {
				branch = develop;
				kind = branch;
			};
		};
		1D9BFD1D291CDB730023F22D /* XCRemoteSwiftPackageReference "Alamofire.git" */ = {
			isa = XCRemoteSwiftPackageReference;
			repositoryURL = "https://github.com/Alamofire/Alamofire.git";
			requirement = {
				branch = master;
				kind = branch;
			};
		};
/* End XCRemoteSwiftPackageReference section */

/* Begin XCSwiftPackageProductDependency section */
		1D9BFD1B291CDB580023F22D /* SnapKit */ = {
			isa = XCSwiftPackageProductDependency;
			package = 1D9BFD1A291CDB580023F22D /* XCRemoteSwiftPackageReference "SnapKit.git" */;
			productName = SnapKit;
		};
		1D9BFD1E291CDB730023F22D /* Alamofire */ = {
			isa = XCSwiftPackageProductDependency;
			package = 1D9BFD1D291CDB730023F22D /* XCRemoteSwiftPackageReference "Alamofire.git" */;
			productName = Alamofire;
		};
/* End XCSwiftPackageProductDependency section */
	};
	rootObject = 1D9BFCDF291CDB0D0023F22D /* Project object */;
}
